
Microsoft Visual Studio Solution File, Format Version 12.00
Project("{FAE04EC0-301F-11D3-BF4B-00C04F79EFBC}") = "ForestTaxator", "ForestTaxator\ForestTaxator.csproj", "{231D5E2E-E6A1-4C7A-A816-C629D786057B}"
EndProject
Project("{FAE04EC0-301F-11D3-BF4B-00C04F79EFBC}") = "ForestTaxator.TestApp", "ForestTaxator.TestApp\ForestTaxator.TestApp.csproj", "{293EBC31-91B0-4EE9-A6E6-44C571AF575A}"
EndProject
Global
	GlobalSection(SolutionConfigurationPlatforms) = preSolution
		Debug|Any CPU = Debug|Any CPU
		Release|Any CPU = Release|Any CPU
	EndGlobalSection
	GlobalSection(ProjectConfigurationPlatforms) = postSolution
		{231D5E2E-E6A1-4C7A-A816-C629D786057B}.Debug|Any CPU.ActiveCfg = Debug|Any CPU
		{231D5E2E-E6A1-4C7A-A816-C629D786057B}.Debug|Any CPU.Build.0 = Debug|Any CPU
		{231D5E2E-E6A1-4C7A-A816-C629D786057B}.Release|Any CPU.ActiveCfg = Release|Any CPU
		{231D5E2E-E6A1-4C7A-A816-C629D786057B}.Release|Any CPU.Build.0 = Release|Any CPU
		{293EBC31-91B0-4EE9-A6E6-44C571AF575A}.Debug|Any CPU.ActiveCfg = Debug|Any CPU
		{293EBC31-91B0-4EE9-A6E6-44C571AF575A}.Debug|Any CPU.Build.0 = Debug|Any CPU
		{293EBC31-91B0-4EE9-A6E6-44C571AF575A}.Release|Any CPU.ActiveCfg = Release|Any CPU
		{293EBC31-91B0-4EE9-A6E6-44C571AF575A}.Release|Any CPU.Build.0 = Release|Any CPU
	EndGlobalSection
EndGlobal
